# Danger! Multiple jars contain identically named classes. This may cause different behaviour depending on classpath ordering.
# Run ./gradlew checkClassUniqueness --write-locks to update this file

## runtimeClasspath
[net.java.dev.jna:jna-platform, net.java.dev.jna:platform]
  - com.sun.jna.platform.FileMonitor
  - com.sun.jna.platform.FileMonitor$FileEvent
  - com.sun.jna.platform.FileMonitor$FileListener
  - com.sun.jna.platform.FileMonitor$Holder
  - com.sun.jna.platform.FileUtils
  - com.sun.jna.platform.FileUtils$1
  - com.sun.jna.platform.FileUtils$DefaultFileUtils
  - com.sun.jna.platform.FileUtils$Holder
  - com.sun.jna.platform.KeyboardUtils
  - com.sun.jna.platform.KeyboardUtils$1
  - com.sun.jna.platform.KeyboardUtils$MacKeyboardUtils
  - com.sun.jna.platform.KeyboardUtils$NativeKeyboardUtils
  - com.sun.jna.platform.KeyboardUtils$W32KeyboardUtils
  - com.sun.jna.platform.KeyboardUtils$X11KeyboardUtils
  - com.sun.jna.platform.RasterRangesUtils
  - com.sun.jna.platform.RasterRangesUtils$1
  - com.sun.jna.platform.RasterRangesUtils$RangesOutput
  - com.sun.jna.platform.WindowUtils
  - com.sun.jna.platform.WindowUtils$1
  - com.sun.jna.platform.WindowUtils$HeavyweightForcer
  - com.sun.jna.platform.WindowUtils$Holder
  - com.sun.jna.platform.WindowUtils$MacWindowUtils
  - com.sun.jna.platform.WindowUtils$MacWindowUtils$1
  - com.sun.jna.platform.WindowUtils$MacWindowUtils$OSXMaskingContentPane
  - com.sun.jna.platform.WindowUtils$NativeWindowUtils
  - com.sun.jna.platform.WindowUtils$NativeWindowUtils$1
  - com.sun.jna.platform.WindowUtils$NativeWindowUtils$2
  - com.sun.jna.platform.WindowUtils$NativeWindowUtils$3
  - com.sun.jna.platform.WindowUtils$NativeWindowUtils$TransparentContentPane
  - com.sun.jna.platform.WindowUtils$RepaintTrigger
  - com.sun.jna.platform.WindowUtils$RepaintTrigger$Listener
  - com.sun.jna.platform.WindowUtils$W32WindowUtils
  - com.sun.jna.platform.WindowUtils$W32WindowUtils$1
  - com.sun.jna.platform.WindowUtils$W32WindowUtils$2
  - com.sun.jna.platform.WindowUtils$W32WindowUtils$3
  - com.sun.jna.platform.WindowUtils$W32WindowUtils$4
  - com.sun.jna.platform.WindowUtils$W32WindowUtils$W32TransparentContentPane
  - com.sun.jna.platform.WindowUtils$X11WindowUtils
  - com.sun.jna.platform.WindowUtils$X11WindowUtils$1
  - com.sun.jna.platform.WindowUtils$X11WindowUtils$2
  - com.sun.jna.platform.WindowUtils$X11WindowUtils$3
  - com.sun.jna.platform.WindowUtils$X11WindowUtils$4
  - com.sun.jna.platform.WindowUtils$X11WindowUtils$5
  - com.sun.jna.platform.WindowUtils$X11WindowUtils$PixmapSource
  - com.sun.jna.platform.WindowUtils$X11WindowUtils$X11TransparentContentPane
  - com.sun.jna.platform.dnd.DragHandler
  - com.sun.jna.platform.dnd.DropHandler
  - com.sun.jna.platform.dnd.DropTargetPainter
  - com.sun.jna.platform.dnd.GhostedDragImage
  - com.sun.jna.platform.dnd.GhostedDragImage$1
  - com.sun.jna.platform.dnd.GhostedDragImage$2
  - com.sun.jna.platform.dnd.GhostedDragImage$3
  - com.sun.jna.platform.mac.Carbon
  - com.sun.jna.platform.mac.Carbon$EventHandlerProcPtr
  - com.sun.jna.platform.mac.Carbon$EventHotKeyID
  - com.sun.jna.platform.mac.Carbon$EventHotKeyID$ByValue
  - com.sun.jna.platform.mac.Carbon$EventTypeSpec
  - com.sun.jna.platform.mac.MacFileUtils
  - com.sun.jna.platform.mac.MacFileUtils$FileManager
  - com.sun.jna.platform.unix.X11
  - com.sun.jna.platform.unix.X11$Atom
  - com.sun.jna.platform.unix.X11$AtomByReference
  - com.sun.jna.platform.unix.X11$Colormap
  - com.sun.jna.platform.unix.X11$Cursor
  - com.sun.jna.platform.unix.X11$Display
  - com.sun.jna.platform.unix.X11$Drawable
  - com.sun.jna.platform.unix.X11$Font
  - com.sun.jna.platform.unix.X11$GC
  - com.sun.jna.platform.unix.X11$KeySym
  - com.sun.jna.platform.unix.X11$Pixmap
  - com.sun.jna.platform.unix.X11$Screen
  - com.sun.jna.platform.unix.X11$Visual
  - com.sun.jna.platform.unix.X11$VisualID
  - com.sun.jna.platform.unix.X11$Window
  - com.sun.jna.platform.unix.X11$WindowByReference
  - com.sun.jna.platform.unix.X11$XAnyEvent
  - com.sun.jna.platform.unix.X11$XButtonEvent
  - com.sun.jna.platform.unix.X11$XButtonPressedEvent
  - com.sun.jna.platform.unix.X11$XButtonReleasedEvent
  - com.sun.jna.platform.unix.X11$XCirculateEvent
  - com.sun.jna.platform.unix.X11$XCirculateRequestEvent
  - com.sun.jna.platform.unix.X11$XClientMessageEvent
  - com.sun.jna.platform.unix.X11$XClientMessageEvent$Data
  - com.sun.jna.platform.unix.X11$XColormapEvent
  - com.sun.jna.platform.unix.X11$XConfigureEvent
  - com.sun.jna.platform.unix.X11$XConfigureRequestEvent
  - com.sun.jna.platform.unix.X11$XCreateWindowEvent
  - com.sun.jna.platform.unix.X11$XCrossingEvent
  - com.sun.jna.platform.unix.X11$XDestroyWindowEvent
  - com.sun.jna.platform.unix.X11$XDeviceByReference
  - com.sun.jna.platform.unix.X11$XEnterWindowEvent
  - com.sun.jna.platform.unix.X11$XErrorEvent
  - com.sun.jna.platform.unix.X11$XErrorHandler
  - com.sun.jna.platform.unix.X11$XEvent
  - com.sun.jna.platform.unix.X11$XExposeEvent
  - com.sun.jna.platform.unix.X11$XFocusChangeEvent
  - com.sun.jna.platform.unix.X11$XFocusInEvent
  - com.sun.jna.platform.unix.X11$XFocusOutEvent
  - com.sun.jna.platform.unix.X11$XGCValues
  - com.sun.jna.platform.unix.X11$XGraphicsExposeEvent
  - com.sun.jna.platform.unix.X11$XGravityEvent
  - com.sun.jna.platform.unix.X11$XID
  - com.sun.jna.platform.unix.X11$XImage
  - com.sun.jna.platform.unix.X11$XInputClassInfoByReference
  - com.sun.jna.platform.unix.X11$XKeyEvent
  - com.sun.jna.platform.unix.X11$XKeyboardControlRef
  - com.sun.jna.platform.unix.X11$XKeyboardStateRef
  - com.sun.jna.platform.unix.X11$XKeymapEvent
  - com.sun.jna.platform.unix.X11$XLeaveWindowEvent
  - com.sun.jna.platform.unix.X11$XMapEvent
  - com.sun.jna.platform.unix.X11$XMapRequestEvent
  - com.sun.jna.platform.unix.X11$XMappingEvent
  - com.sun.jna.platform.unix.X11$XModifierKeymapRef
  - com.sun.jna.platform.unix.X11$XMotionEvent
  - com.sun.jna.platform.unix.X11$XNoExposeEvent
  - com.sun.jna.platform.unix.X11$XPoint
  - com.sun.jna.platform.unix.X11$XPointerMovedEvent
  - com.sun.jna.platform.unix.X11$XPropertyEvent
  - com.sun.jna.platform.unix.X11$XRectangle
  - com.sun.jna.platform.unix.X11$XReparentEvent
  - com.sun.jna.platform.unix.X11$XResizeRequestEvent
  - com.sun.jna.platform.unix.X11$XSelectionClearEvent
  - com.sun.jna.platform.unix.X11$XSelectionEvent
  - com.sun.jna.platform.unix.X11$XSelectionRequestEvent
  - com.sun.jna.platform.unix.X11$XSetWindowAttributes
  - com.sun.jna.platform.unix.X11$XSizeHints
  - com.sun.jna.platform.unix.X11$XSizeHints$Aspect
  - com.sun.jna.platform.unix.X11$XTest
  - com.sun.jna.platform.unix.X11$XTextProperty
  - com.sun.jna.platform.unix.X11$XUnmapEvent
  - com.sun.jna.platform.unix.X11$XVisibilityEvent
  - com.sun.jna.platform.unix.X11$XVisualInfo
  - com.sun.jna.platform.unix.X11$XWMHints
  - com.sun.jna.platform.unix.X11$XWindowAttributes
  - com.sun.jna.platform.unix.X11$Xevie
  - com.sun.jna.platform.unix.X11$Xext
  - com.sun.jna.platform.unix.X11$Xrender
  - com.sun.jna.platform.unix.X11$Xrender$PictFormat
  - com.sun.jna.platform.unix.X11$Xrender$XRenderDirectFormat
  - com.sun.jna.platform.unix.X11$Xrender$XRenderPictFormat
  - com.sun.jna.platform.win32.Advapi32
  - com.sun.jna.platform.win32.Advapi32Util
  - com.sun.jna.platform.win32.Advapi32Util$Account
  - com.sun.jna.platform.win32.Advapi32Util$EventLogIterator
  - com.sun.jna.platform.win32.Advapi32Util$EventLogRecord
  - com.sun.jna.platform.win32.Advapi32Util$EventLogType
  - com.sun.jna.platform.win32.BaseTSD
  - com.sun.jna.platform.win32.BaseTSD$DWORD_PTR
  - com.sun.jna.platform.win32.BaseTSD$LONG_PTR
  - com.sun.jna.platform.win32.BaseTSD$SIZE_T
  - com.sun.jna.platform.win32.BaseTSD$SSIZE_T
  - com.sun.jna.platform.win32.BaseTSD$ULONG_PTR
  - com.sun.jna.platform.win32.BaseTSD$ULONG_PTRByReference
  - com.sun.jna.platform.win32.Crypt32
  - com.sun.jna.platform.win32.Crypt32Util
  - com.sun.jna.platform.win32.DsGetDC
  - com.sun.jna.platform.win32.DsGetDC$DOMAIN_CONTROLLER_INFO
  - com.sun.jna.platform.win32.DsGetDC$DOMAIN_CONTROLLER_INFO$ByReference
  - com.sun.jna.platform.win32.DsGetDC$DS_DOMAIN_TRUSTS
  - com.sun.jna.platform.win32.DsGetDC$DS_DOMAIN_TRUSTS$ByReference
  - com.sun.jna.platform.win32.DsGetDC$PDOMAIN_CONTROLLER_INFO
  - com.sun.jna.platform.win32.DsGetDC$PDOMAIN_CONTROLLER_INFO$ByReference
  - com.sun.jna.platform.win32.GDI32
  - com.sun.jna.platform.win32.Guid
  - com.sun.jna.platform.win32.Guid$GUID
  - com.sun.jna.platform.win32.Guid$GUID$ByReference
  - com.sun.jna.platform.win32.Kernel32
  - com.sun.jna.platform.win32.Kernel32Util
  - com.sun.jna.platform.win32.LMAccess
  - com.sun.jna.platform.win32.LMAccess$GROUP_INFO_0
  - com.sun.jna.platform.win32.LMAccess$GROUP_INFO_1
  - com.sun.jna.platform.win32.LMAccess$GROUP_INFO_2
  - com.sun.jna.platform.win32.LMAccess$GROUP_INFO_3
  - com.sun.jna.platform.win32.LMAccess$GROUP_USERS_INFO_0
  - com.sun.jna.platform.win32.LMAccess$LOCALGROUP_INFO_0
  - com.sun.jna.platform.win32.LMAccess$LOCALGROUP_INFO_1
  - com.sun.jna.platform.win32.LMAccess$LOCALGROUP_USERS_INFO_0
  - com.sun.jna.platform.win32.LMAccess$USER_INFO_0
  - com.sun.jna.platform.win32.LMAccess$USER_INFO_1
  - com.sun.jna.platform.win32.LMAccess$USER_INFO_23
  - com.sun.jna.platform.win32.LMCons
  - com.sun.jna.platform.win32.LMErr
  - com.sun.jna.platform.win32.LMJoin
  - com.sun.jna.platform.win32.LMJoin$NETSETUP_JOIN_STATUS
  - com.sun.jna.platform.win32.Msi
  - com.sun.jna.platform.win32.NTSecApi
  - com.sun.jna.platform.win32.NTSecApi$LSA_FOREST_TRUST_BINARY_DATA
  - com.sun.jna.platform.win32.NTSecApi$LSA_FOREST_TRUST_DOMAIN_INFO
  - com.sun.jna.platform.win32.NTSecApi$LSA_FOREST_TRUST_INFORMATION
  - com.sun.jna.platform.win32.NTSecApi$LSA_FOREST_TRUST_INFORMATION$ByReference
  - com.sun.jna.platform.win32.NTSecApi$LSA_FOREST_TRUST_RECORD
  - com.sun.jna.platform.win32.NTSecApi$LSA_FOREST_TRUST_RECORD$ByReference
  - com.sun.jna.platform.win32.NTSecApi$LSA_FOREST_TRUST_RECORD$UNION
  - com.sun.jna.platform.win32.NTSecApi$LSA_FOREST_TRUST_RECORD$UNION$ByReference
  - com.sun.jna.platform.win32.NTSecApi$LSA_UNICODE_STRING
  - com.sun.jna.platform.win32.NTSecApi$LSA_UNICODE_STRING$ByReference
  - com.sun.jna.platform.win32.NTSecApi$PLSA_FOREST_TRUST_INFORMATION
  - com.sun.jna.platform.win32.NTSecApi$PLSA_FOREST_TRUST_INFORMATION$ByReference
  - com.sun.jna.platform.win32.NTSecApi$PLSA_FOREST_TRUST_RECORD
  - com.sun.jna.platform.win32.NTSecApi$PLSA_FOREST_TRUST_RECORD$ByReference
  - com.sun.jna.platform.win32.NTSecApi$PLSA_UNICODE_STRING
  - com.sun.jna.platform.win32.NTSecApi$PLSA_UNICODE_STRING$ByReference
  - com.sun.jna.platform.win32.NTStatus
  - com.sun.jna.platform.win32.Netapi32
  - com.sun.jna.platform.win32.Netapi32Util
  - com.sun.jna.platform.win32.Netapi32Util$DomainController
  - com.sun.jna.platform.win32.Netapi32Util$DomainTrust
  - com.sun.jna.platform.win32.Netapi32Util$Group
  - com.sun.jna.platform.win32.Netapi32Util$LocalGroup
  - com.sun.jna.platform.win32.Netapi32Util$User
  - com.sun.jna.platform.win32.Netapi32Util$UserInfo
  - com.sun.jna.platform.win32.NtDll
  - com.sun.jna.platform.win32.NtDllUtil
  - com.sun.jna.platform.win32.ObjBase
  - com.sun.jna.platform.win32.Ole32
  - com.sun.jna.platform.win32.Ole32Util
  - com.sun.jna.platform.win32.Secur32
  - com.sun.jna.platform.win32.Secur32$EXTENDED_NAME_FORMAT
  - com.sun.jna.platform.win32.Secur32Util
  - com.sun.jna.platform.win32.Secur32Util$SecurityPackage
  - com.sun.jna.platform.win32.SetupApi
  - com.sun.jna.platform.win32.SetupApi$SP_DEVICE_INTERFACE_DATA
  - com.sun.jna.platform.win32.SetupApi$SP_DEVICE_INTERFACE_DATA$ByReference
  - com.sun.jna.platform.win32.SetupApi$SP_DEVINFO_DATA
  - com.sun.jna.platform.win32.SetupApi$SP_DEVINFO_DATA$ByReference
  - com.sun.jna.platform.win32.Shell32
  - com.sun.jna.platform.win32.Shell32Util
  - com.sun.jna.platform.win32.ShellAPI
  - com.sun.jna.platform.win32.ShellAPI$SHFILEOPSTRUCT
  - com.sun.jna.platform.win32.ShlObj
  - com.sun.jna.platform.win32.Sspi
  - com.sun.jna.platform.win32.Sspi$CredHandle
  - com.sun.jna.platform.win32.Sspi$CtxtHandle
  - com.sun.jna.platform.win32.Sspi$PSecHandle
  - com.sun.jna.platform.win32.Sspi$PSecHandle$ByReference
  - com.sun.jna.platform.win32.Sspi$PSecPkgInfo
  - com.sun.jna.platform.win32.Sspi$PSecPkgInfo$ByReference
  - com.sun.jna.platform.win32.Sspi$SECURITY_INTEGER
  - com.sun.jna.platform.win32.Sspi$SecBuffer
  - com.sun.jna.platform.win32.Sspi$SecBuffer$ByReference
  - com.sun.jna.platform.win32.Sspi$SecBufferDesc
  - com.sun.jna.platform.win32.Sspi$SecHandle
  - com.sun.jna.platform.win32.Sspi$SecHandle$ByReference
  - com.sun.jna.platform.win32.Sspi$SecPkgInfo
  - com.sun.jna.platform.win32.Sspi$SecPkgInfo$ByReference
  - com.sun.jna.platform.win32.Sspi$TimeStamp
  - com.sun.jna.platform.win32.Tlhelp32
  - com.sun.jna.platform.win32.Tlhelp32$PROCESSENTRY32
  - com.sun.jna.platform.win32.Tlhelp32$PROCESSENTRY32$ByReference
  - com.sun.jna.platform.win32.User32
  - com.sun.jna.platform.win32.VerRsrc
  - com.sun.jna.platform.win32.VerRsrc$VS_FIXEDFILEINFO
  - com.sun.jna.platform.win32.VerRsrc$VS_FIXEDFILEINFO$ByReference
  - com.sun.jna.platform.win32.Version
  - com.sun.jna.platform.win32.W32Errors
  - com.sun.jna.platform.win32.W32FileMonitor
  - com.sun.jna.platform.win32.W32FileMonitor$1
  - com.sun.jna.platform.win32.W32FileMonitor$FileInfo
  - com.sun.jna.platform.win32.W32FileUtils
  - com.sun.jna.platform.win32.W32Service
  - com.sun.jna.platform.win32.W32ServiceManager
  - com.sun.jna.platform.win32.WTypes
  - com.sun.jna.platform.win32.Wdm
  - com.sun.jna.platform.win32.Wdm$KEY_BASIC_INFORMATION
  - com.sun.jna.platform.win32.Wdm$KEY_INFORMATION_CLASS
  - com.sun.jna.platform.win32.Win32Exception
  - com.sun.jna.platform.win32.WinBase
  - com.sun.jna.platform.win32.WinBase$FILETIME
  - com.sun.jna.platform.win32.WinBase$FILETIME$ByReference
  - com.sun.jna.platform.win32.WinBase$MEMORYSTATUSEX
  - com.sun.jna.platform.win32.WinBase$OVERLAPPED
  - com.sun.jna.platform.win32.WinBase$PROCESS_INFORMATION
  - com.sun.jna.platform.win32.WinBase$PROCESS_INFORMATION$ByReference
  - com.sun.jna.platform.win32.WinBase$SECURITY_ATTRIBUTES
  - com.sun.jna.platform.win32.WinBase$STARTUPINFO
  - com.sun.jna.platform.win32.WinBase$SYSTEMTIME
  - com.sun.jna.platform.win32.WinBase$SYSTEM_INFO
  - com.sun.jna.platform.win32.WinBase$SYSTEM_INFO$PI
  - com.sun.jna.platform.win32.WinBase$SYSTEM_INFO$PI$ByReference
  - com.sun.jna.platform.win32.WinBase$SYSTEM_INFO$UNION
  - com.sun.jna.platform.win32.WinBase$SYSTEM_INFO$UNION$ByReference
  - com.sun.jna.platform.win32.WinCrypt
  - com.sun.jna.platform.win32.WinCrypt$CRYPTPROTECT_PROMPTSTRUCT
  - com.sun.jna.platform.win32.WinCrypt$DATA_BLOB
  - com.sun.jna.platform.win32.WinDef
  - com.sun.jna.platform.win32.WinDef$DWORD
  - com.sun.jna.platform.win32.WinDef$DWORDLONG
  - com.sun.jna.platform.win32.WinDef$HBITMAP
  - com.sun.jna.platform.win32.WinDef$HCURSOR
  - com.sun.jna.platform.win32.WinDef$HDC
  - com.sun.jna.platform.win32.WinDef$HFONT
  - com.sun.jna.platform.win32.WinDef$HICON
  - com.sun.jna.platform.win32.WinDef$HINSTANCE
  - com.sun.jna.platform.win32.WinDef$HMENU
  - com.sun.jna.platform.win32.WinDef$HMODULE
  - com.sun.jna.platform.win32.WinDef$HPALETTE
  - com.sun.jna.platform.win32.WinDef$HPEN
  - com.sun.jna.platform.win32.WinDef$HRGN
  - com.sun.jna.platform.win32.WinDef$HRSRC
  - com.sun.jna.platform.win32.WinDef$HWND
  - com.sun.jna.platform.win32.WinDef$LONG
  - com.sun.jna.platform.win32.WinDef$LPARAM
  - com.sun.jna.platform.win32.WinDef$LRESULT
  - com.sun.jna.platform.win32.WinDef$RECT
  - com.sun.jna.platform.win32.WinDef$UINT_PTR
  - com.sun.jna.platform.win32.WinDef$ULONGLONG
  - com.sun.jna.platform.win32.WinDef$WORD
  - com.sun.jna.platform.win32.WinDef$WPARAM
  - com.sun.jna.platform.win32.WinError
  - com.sun.jna.platform.win32.WinGDI
  - com.sun.jna.platform.win32.WinGDI$BITMAPINFO
  - com.sun.jna.platform.win32.WinGDI$BITMAPINFOHEADER
  - com.sun.jna.platform.win32.WinGDI$RGBQUAD
  - com.sun.jna.platform.win32.WinGDI$RGNDATA
  - com.sun.jna.platform.win32.WinGDI$RGNDATAHEADER
  - com.sun.jna.platform.win32.WinNT
  - com.sun.jna.platform.win32.WinNT$ACCESS_ACEStructure
  - com.sun.jna.platform.win32.WinNT$ACCESS_ALLOWED_ACE
  - com.sun.jna.platform.win32.WinNT$ACCESS_DENIED_ACE
  - com.sun.jna.platform.win32.WinNT$ACE_HEADER
  - com.sun.jna.platform.win32.WinNT$ACL
  - com.sun.jna.platform.win32.WinNT$EVENTLOGRECORD
  - com.sun.jna.platform.win32.WinNT$FILE_NOTIFY_INFORMATION
  - com.sun.jna.platform.win32.WinNT$HANDLE
  - com.sun.jna.platform.win32.WinNT$HANDLEByReference
  - com.sun.jna.platform.win32.WinNT$HRESULT
  - com.sun.jna.platform.win32.WinNT$LARGE_INTEGER
  - com.sun.jna.platform.win32.WinNT$LARGE_INTEGER$ByReference
  - com.sun.jna.platform.win32.WinNT$LARGE_INTEGER$LowHigh
  - com.sun.jna.platform.win32.WinNT$LARGE_INTEGER$UNION
  - com.sun.jna.platform.win32.WinNT$LUID
  - com.sun.jna.platform.win32.WinNT$LUID_AND_ATTRIBUTES
  - com.sun.jna.platform.win32.WinNT$OSVERSIONINFO
  - com.sun.jna.platform.win32.WinNT$OSVERSIONINFOEX
  - com.sun.jna.platform.win32.WinNT$OVERLAPPED_COMPLETION_ROUTINE
  - com.sun.jna.platform.win32.WinNT$PSID
  - com.sun.jna.platform.win32.WinNT$PSID$ByReference
  - com.sun.jna.platform.win32.WinNT$PSIDByReference
  - com.sun.jna.platform.win32.WinNT$SECURITY_DESCRIPTOR
  - com.sun.jna.platform.win32.WinNT$SECURITY_DESCRIPTOR$ByReference
  - com.sun.jna.platform.win32.WinNT$SECURITY_DESCRIPTOR_RELATIVE
  - com.sun.jna.platform.win32.WinNT$SECURITY_DESCRIPTOR_RELATIVE$ByReference
  - com.sun.jna.platform.win32.WinNT$SECURITY_IMPERSONATION_LEVEL
  - com.sun.jna.platform.win32.WinNT$SID_AND_ATTRIBUTES
  - com.sun.jna.platform.win32.WinNT$SID_NAME_USE
  - com.sun.jna.platform.win32.WinNT$TOKEN_GROUPS
  - com.sun.jna.platform.win32.WinNT$TOKEN_INFORMATION_CLASS
  - com.sun.jna.platform.win32.WinNT$TOKEN_OWNER
  - com.sun.jna.platform.win32.WinNT$TOKEN_PRIVILEGES
  - com.sun.jna.platform.win32.WinNT$TOKEN_TYPE
  - com.sun.jna.platform.win32.WinNT$TOKEN_USER
  - com.sun.jna.platform.win32.WinNT$WELL_KNOWN_SID_TYPE
  - com.sun.jna.platform.win32.WinReg
  - com.sun.jna.platform.win32.WinReg$HKEY
  - com.sun.jna.platform.win32.WinReg$HKEYByReference
  - com.sun.jna.platform.win32.WinUser
  - com.sun.jna.platform.win32.WinUser$BLENDFUNCTION
  - com.sun.jna.platform.win32.WinUser$FLASHWINFO
  - com.sun.jna.platform.win32.WinUser$GUITHREADINFO
  - com.sun.jna.platform.win32.WinUser$HARDWAREINPUT
  - com.sun.jna.platform.win32.WinUser$HARDWAREINPUT$ByReference
  - com.sun.jna.platform.win32.WinUser$HHOOK
  - com.sun.jna.platform.win32.WinUser$HOOKPROC
  - com.sun.jna.platform.win32.WinUser$INPUT
  - com.sun.jna.platform.win32.WinUser$INPUT$ByReference
  - com.sun.jna.platform.win32.WinUser$INPUT$INPUT_UNION
  - com.sun.jna.platform.win32.WinUser$KBDLLHOOKSTRUCT
  - com.sun.jna.platform.win32.WinUser$KEYBDINPUT
  - com.sun.jna.platform.win32.WinUser$KEYBDINPUT$ByReference
  - com.sun.jna.platform.win32.WinUser$LowLevelKeyboardProc
  - com.sun.jna.platform.win32.WinUser$MOUSEINPUT
  - com.sun.jna.platform.win32.WinUser$MOUSEINPUT$ByReference
  - com.sun.jna.platform.win32.WinUser$MSG
  - com.sun.jna.platform.win32.WinUser$SIZE
  - com.sun.jna.platform.win32.WinUser$WINDOWINFO
  - com.sun.jna.platform.win32.WinUser$WNDENUMPROC
  - com.sun.jna.platform.win32.Winioctl
  - com.sun.jna.platform.win32.Winioctl$STORAGE_DEVICE_NUMBER
  - com.sun.jna.platform.win32.Winioctl$STORAGE_DEVICE_NUMBER$ByReference
  - com.sun.jna.platform.win32.Winspool
  - com.sun.jna.platform.win32.Winspool$PRINTER_INFO_1
  - com.sun.jna.platform.win32.Winspool$PRINTER_INFO_4
  - com.sun.jna.platform.win32.WinspoolUtil
  - com.sun.jna.platform.win32.Winsvc
  - com.sun.jna.platform.win32.Winsvc$SC_HANDLE
  - com.sun.jna.platform.win32.Winsvc$SC_STATUS_TYPE
  - com.sun.jna.platform.win32.Winsvc$SERVICE_STATUS
  - com.sun.jna.platform.win32.Winsvc$SERVICE_STATUS_PROCESS
  - com.sun.jna.platform.wince.CoreDLL
