# Run ./gradlew --write-locks to regenerate this file
classworlds:classworlds:1.1-alpha-2 (1 constraints: 3c1559a6)
com.diffplug.durian:durian-collect:1.2.0 (3 constraints: 4d313bd2)
com.diffplug.durian:durian-core:1.2.0 (4 constraints: 2640ae56)
com.diffplug.durian:durian-io:1.2.0 (1 constraints: 1313c62d)
com.diffplug.spotless:spotless-lib:2.25.3 (2 constraints: f424dde6)
com.diffplug.spotless:spotless-lib-extra:2.25.3 (1 constraints: 4c132341)
com.diffplug.spotless:spotless-plugin-gradle:6.6.0 (1 constraints: c51120f5)
com.fasterxml.jackson.core:jackson-annotations:2.13.3 (1 constraints: 3b053b3b)
com.github.ben-manes.caffeine:caffeine:3.0.5 (1 constraints: c11104f5)
com.google.code.findbugs:jsr305:3.0.2 (2 constraints: 1d0fb186)
com.google.errorprone:error_prone_annotations:2.11.0 (3 constraints: a31fc64f)
com.google.guava:failureaccess:1.0.1 (1 constraints: 140ae1b4)
com.google.guava:guava:31.1-jre (4 constraints: 5853cf0d)
com.google.guava:listenablefuture:9999.0-empty-to-avoid-conflict-with-guava (1 constraints: bd17c918)
com.google.j2objc:j2objc-annotations:1.3 (1 constraints: b809eda0)
com.googlecode.concurrent-trees:concurrent-trees:2.6.1 (1 constraints: 761166da)
com.googlecode.java-diff-utils:diffutils:1.3.0 (1 constraints: bd11fef4)
com.googlecode.javaewah:JavaEWAH:1.1.12 (1 constraints: 750eee5e)
com.palantir.baseline:gradle-baseline-java:4.139.0 (1 constraints: 7305cb40)
com.palantir.baseline:gradle-junit-reports:4.139.0 (1 constraints: 2a124d19)
com.palantir.gradle.utils:lazily-configured-mapping:0.1.0 (2 constraints: bc16652a)
com.palantir.javaformat:gradle-palantir-java-format:1.1.0 (1 constraints: bb11f8f4)
com.palantir.javaformat:palantir-java-format-spi:1.1.0 (2 constraints: 2b273bdb)
commons-io:commons-io:2.11.0 (1 constraints: be14ed98)
commons-lang:commons-lang:2.6 (1 constraints: 6311bad1)
junit:junit:4.13 (2 constraints: cc20d042)
net.ltgt.gradle:gradle-errorprone-plugin:2.0.2 (1 constraints: bd11fcf4)
org.apache.commons:commons-lang3:3.12.0 (1 constraints: ef110607)
org.apache.maven:maven-artifact:2.0.5 (3 constraints: 5032579f)
org.apache.maven:maven-artifact-manager:2.0.5 (1 constraints: 310dcb20)
org.apache.maven:maven-model:2.0.5 (4 constraints: 953c1928)
org.apache.maven:maven-profile:2.0.5 (1 constraints: 310dcb20)
org.apache.maven:maven-project:2.0.5 (1 constraints: 91142d84)
org.apache.maven:maven-repository-metadata:2.0.5 (1 constraints: 9010bab6)
org.apache.maven:maven-settings:2.0.5 (1 constraints: 310dcb20)
org.apache.maven.shared:maven-dependency-analyzer:1.12.0 (1 constraints: ed11fa06)
org.apache.maven.wagon:wagon-provider-api:1.0-beta-2 (1 constraints: 54120e10)
org.checkerframework:checker-qual:3.25.0 (3 constraints: b51f2653)
org.codehaus.groovy:groovy:3.0.9 (3 constraints: b52813bc)
org.codehaus.groovy:groovy-xml:3.0.9 (1 constraints: 791161da)
org.codehaus.plexus:plexus-component-annotations:2.1.1 (1 constraints: 8e142c84)
org.codehaus.plexus:plexus-container-default:1.0-alpha-9 (4 constraints: 6841d5d5)
org.codehaus.plexus:plexus-utils:1.5.1 (10 constraints: a99af4e0)
org.eclipse.jgit:org.eclipse.jgit:5.13.0.202109080827-r (2 constraints: 562b9625)
org.hamcrest:hamcrest-core:1.3 (1 constraints: cc05fe3f)
org.immutables:value:2.8.8 (1 constraints: 14051536)
org.ow2.asm:asm:9.3 (2 constraints: 9d25affb)
org.slf4j:slf4j-api:1.7.30 (1 constraints: 7b0e085f)

[Test dependencies]
cglib:cglib-nodep:3.2.2 (1 constraints: 490ded24)
com.netflix.nebula:nebula-test:10.1.0 (1 constraints: 34052a3b)
net.bytebuddy:byte-buddy:1.12.14 (2 constraints: ed164366)
net.bytebuddy:byte-buddy-agent:1.12.14 (1 constraints: 730bace9)
org.apiguardian:apiguardian-api:1.1.2 (5 constraints: 105480ac)
org.assertj:assertj-core:3.23.1 (1 constraints: 3b05433b)
org.hamcrest:hamcrest:2.2 (1 constraints: d20cdc04)
org.junit.jupiter:junit-jupiter:5.9.0 (1 constraints: 10051f36)
org.junit.jupiter:junit-jupiter-api:5.9.0 (4 constraints: 3b3ec601)
org.junit.jupiter:junit-jupiter-engine:5.9.0 (1 constraints: 0b0ee03b)
org.junit.jupiter:junit-jupiter-params:5.9.0 (1 constraints: 0b0ee03b)
org.junit.platform:junit-platform-commons:1.9.0 (2 constraints: db20dc4a)
org.junit.platform:junit-platform-engine:1.9.0 (2 constraints: dd1d814c)
org.mockito:mockito-core:4.8.0 (2 constraints: d413de65)
org.mockito:mockito-junit-jupiter:4.8.0 (1 constraints: 0e051736)
org.objenesis:objenesis:3.2 (2 constraints: 9a17f457)
org.opentest4j:opentest4j:1.2.0 (2 constraints: cd205b49)
org.spockframework:spock-core:2.0-M4-groovy-3.0 (2 constraints: e822d65a)
org.spockframework:spock-junit4:2.0-M4-groovy-3.0 (1 constraints: 25115ddf)
