# Run ./gradlew writeVersionsLock to regenerate this file
aopalliance:aopalliance:1.0 (1 constraints: 170a83ac)
com.fasterxml.jackson.core:jackson-annotations:2.15.3 (2 constraints: c717fa71)
com.fasterxml.jackson.core:jackson-core:2.15.3 (1 constraints: 8b123e21)
com.fasterxml.jackson.core:jackson-databind:2.15.3 (1 constraints: 3d05413b)
com.github.ben-manes.caffeine:caffeine:3.1.8 (2 constraints: d216c42c)
com.google.code.findbugs:jsr305:3.0.2 (2 constraints: 1d0fb186)
com.google.errorprone:error_prone_annotations:2.26.1 (3 constraints: ad1f4250)
com.google.guava:failureaccess:1.0.2 (2 constraints: f2152a13)
com.google.guava:guava:33.2.0-jre (5 constraints: 2e54009c)
com.google.guava:listenablefuture:9999.0-empty-to-avoid-conflict-with-guava (1 constraints: bd17c918)
com.google.inject:guice:5.1.0 (1 constraints: e20b61f3)
com.google.j2objc:j2objc-annotations:3.0.0 (1 constraints: 150aeab4)
com.googlecode.java-diff-utils:diffutils:1.3.0 (1 constraints: bd11fef4)
com.palantir.baseline:gradle-baseline-java:5.53.0-4-g0eccf57.dirty (1 constraints: bb0a78c0)
com.palantir.gradle.auto-parallelizable:auto-parallelizable-annotations:1.4.0 (1 constraints: 0705fc35)
com.palantir.gradle.failure-reports:gradle-failure-reports-exceptions:1.2.0 (1 constraints: bc11fbf4)
com.palantir.gradle.utils:lazily-configured-mapping:0.1.0 (2 constraints: bc16652a)
com.palantir.javaformat:gradle-palantir-java-format:1.1.0 (1 constraints: bb11f8f4)
com.palantir.javaformat:palantir-java-format-spi:1.1.0 (2 constraints: 2b273bdb)
commons-codec:commons-codec:1.16.1 (1 constraints: a20f8087)
commons-io:commons-io:2.16.1 (3 constraints: 9a292e16)
commons-lang:commons-lang:2.6 (1 constraints: 6311bad1)
javax.annotation:javax.annotation-api:1.2 (1 constraints: e01020af)
javax.inject:javax.inject:1 (8 constraints: b476ecf8)
net.ltgt.gradle:gradle-errorprone-plugin:3.1.0 (1 constraints: bd1102f5)
org.apache.commons:commons-compress:1.26.1 (1 constraints: 3c05403b)
org.apache.commons:commons-lang3:3.14.0 (5 constraints: 5d4e9eae)
org.apache.maven:maven-artifact:3.9.1 (4 constraints: 153e4040)
org.apache.maven:maven-builder-support:3.9.1 (3 constraints: 112c6464)
org.apache.maven:maven-core:3.9.1 (2 constraints: 59264080)
org.apache.maven:maven-model:3.9.1 (5 constraints: 5e4f88ec)
org.apache.maven:maven-model-builder:3.9.1 (2 constraints: 321d6d0a)
org.apache.maven:maven-plugin-api:3.9.1 (1 constraints: e90b70f3)
org.apache.maven:maven-repository-metadata:3.9.1 (2 constraints: 321d6d0a)
org.apache.maven:maven-resolver-provider:3.9.1 (1 constraints: e90b70f3)
org.apache.maven:maven-settings:3.9.1 (2 constraints: ad1c8de9)
org.apache.maven:maven-settings-builder:3.9.1 (1 constraints: e90b70f3)
org.apache.maven.resolver:maven-resolver-api:1.9.7 (5 constraints: 7c5643f6)
org.apache.maven.resolver:maven-resolver-impl:1.9.7 (2 constraints: 3a1d290b)
org.apache.maven.resolver:maven-resolver-named-locks:1.9.7 (1 constraints: 3513e634)
org.apache.maven.resolver:maven-resolver-spi:1.9.7 (3 constraints: 6e306f6a)
org.apache.maven.resolver:maven-resolver-util:1.9.7 (3 constraints: 6e306f6a)
org.apache.maven.shared:maven-dependency-analyzer:1.13.2 (1 constraints: f011ff06)
org.apache.maven.shared:maven-shared-utils:3.3.4 (1 constraints: e60b61f3)
org.checkerframework:checker-qual:3.43.0 (3 constraints: b81f3653)
org.codehaus.plexus:plexus-cipher:2.0 (1 constraints: 641174c7)
org.codehaus.plexus:plexus-classworlds:2.6.0 (3 constraints: 572b5104)
org.codehaus.plexus:plexus-component-annotations:2.1.0 (2 constraints: 241d860a)
org.codehaus.plexus:plexus-interpolation:1.26 (3 constraints: 7b2bf0f5)
org.codehaus.plexus:plexus-sec-dispatcher:2.0 (1 constraints: 5c100b99)
org.codehaus.plexus:plexus-utils:3.5.1 (11 constraints: 3fa89966)
org.eclipse.sisu:org.eclipse.sisu.inject:0.3.5 (3 constraints: 852caa93)
org.eclipse.sisu:org.eclipse.sisu.plexus:0.3.5 (2 constraints: 141abc34)
org.immutables:serial:2.10.1 (1 constraints: 3605303b)
org.immutables:value:2.10.1 (1 constraints: 3605303b)
org.ow2.asm:asm:9.7 (3 constraints: b12a3745)
org.slf4j:slf4j-api:1.7.36 (4 constraints: 4b4a7558)

[Test dependencies]
cglib:cglib-nodep:3.2.2 (1 constraints: 490ded24)
com.netflix.nebula:nebula-test:10.1.0 (1 constraints: 34052a3b)
junit:junit:4.13 (1 constraints: bb0d1930)
net.bytebuddy:byte-buddy:1.14.12 (2 constraints: f016bb66)
net.bytebuddy:byte-buddy-agent:1.14.12 (1 constraints: 730bb2e9)
org.apiguardian:apiguardian-api:1.1.2 (5 constraints: 105480ac)
org.assertj:assertj-core:3.25.3 (1 constraints: 3f054b3b)
org.codehaus.groovy:groovy:3.0.6 (2 constraints: 1e1b476d)
org.hamcrest:hamcrest:2.2 (1 constraints: d20cdc04)
org.hamcrest:hamcrest-core:1.3 (1 constraints: cc05fe3f)
org.junit:junit-bom:5.9.1 (1 constraints: 11052036)
org.junit.jupiter:junit-jupiter:5.10.2 (2 constraints: 4f0e1d63)
org.junit.jupiter:junit-jupiter-api:5.10.2 (5 constraints: f8470dc2)
org.junit.jupiter:junit-jupiter-engine:5.10.2 (2 constraints: 4a170954)
org.junit.jupiter:junit-jupiter-params:5.10.2 (2 constraints: 4a170954)
org.junit.platform:junit-platform-commons:1.10.2 (3 constraints: 402a8776)
org.junit.platform:junit-platform-engine:1.10.2 (3 constraints: 1827e804)
org.mockito:mockito-core:5.11.0 (2 constraints: 2a143786)
org.mockito:mockito-junit-jupiter:5.11.0 (1 constraints: 3905443b)
org.objenesis:objenesis:3.3 (2 constraints: 9b17f557)
org.opentest4j:opentest4j:1.3.0 (2 constraints: cf209249)
org.spockframework:spock-core:2.0-M4-groovy-3.0 (2 constraints: e822d65a)
org.spockframework:spock-junit4:2.0-M4-groovy-3.0 (1 constraints: 25115ddf)
